{
  "name": "fallout-utility",
  "version": "1.0.35",
  "lockfileVersion": 2,
  "requires": true,
  "packages": {
    "": {
      "name": "fallout-utility",
      "version": "1.0.35",
      "license": "MIT",
      "dependencies": {
        "prompt-sync": "^4.1.6"
      }
    },
    "node_modules/prompt-sync": {
      "version": "4.1.6",
      "resolved": "https://registry.npmjs.org/prompt-sync/-/prompt-sync-4.1.6.tgz",
      "integrity": "sha512-dYjDha0af2vefm6soqnPnFEz2tAzwH/kb+pPoaCohRoPUxFXj+mymkOFgxX7Ylv59TdEr7OzktEizdK7MIMvIw=="
    }
  },
  "dependencies": {
    "prompt-sync": {
      "version": "4.1.6",
      "resolved": "https://registry.npmjs.org/prompt-sync/-/prompt-sync-4.1.6.tgz",
      "integrity": "sha512-dYjDha0af2vefm6soqnPnFEz2tAzwH/kb+pPoaCohRoPUxFXj+mymkOFgxX7Ylv59TdEr7OzktEizdK7MIMvIw=="
    }
  }
}
